# THIS IS AN AUTOGENERATED FILE. DO NOT EDIT THIS FILE DIRECTLY.
# yarn lockfile v1


"laravel-echo@^1.5.0":
  "integrity" "sha512-aDzeNITS8fncKFtcjlVm3jvahxwKUsscxwNg/j7Fp7axp64FzCRPv04/lwJgO474DGDqvAjSuHdk3JMGE8qOQA=="
  "resolved" "https://registry.npmjs.org/laravel-echo/-/laravel-echo-1.5.0.tgz"
  "version" "1.5.0"

"pusher-js@^7.0.3":
  "integrity" "sha512-HIfCvt00CAqgO4W0BrdpPsDcAwy51rB6DN0VMC+JeVRRbo8mn3XTeUeIFjmmlRLZLX8rPhUtLRo7vPag6b8GCw=="
  "resolved" "https://registry.npmjs.org/pusher-js/-/pusher-js-7.0.3.tgz"
  "version" "7.0.3"
  dependencies:
    "tweetnacl" "^1.0.3"

"tweetnacl@^1.0.3":
  "integrity" "sha512-6rt+RN7aOi1nGMyC4Xa5DdYiukl2UWCbcJft7YhxReBGQD7OAM8Pbxw6YMo4r2diNEA8FEmu32YOn9rhaiE5yw=="
  "resolved" "https://registry.npmjs.org/tweetnacl/-/tweetnacl-1.0.3.tgz"
  "version" "1.0.3"
